{
  "requires": true,
  "lockfileVersion": 1,
  "dependencies": {
    "@angular/material": {
      "version": "9.2.0",
      "resolved": "https://registry.npmjs.org/@angular/material/-/material-9.2.0.tgz",
      "integrity": "sha512-KKzEIVh6/m56m+Ao8p4PK0SyEr0574l3VP2swj1qPag3u+FYgemmXCGTaChrKdDsez+zeTCPXImBGXzE6NQ80Q=="
    },
    "@ng-bootstrap/ng-bootstrap": {
      "version": "6.0.2",
      "resolved": "https://registry.npmjs.org/@ng-bootstrap/ng-bootstrap/-/ng-bootstrap-6.0.2.tgz",
      "integrity": "sha512-8+Dz8GN15zneIA4+mQ7b1j5O+oHsFdhTYQVDGk6eAazHeqrFD0+o8N+pLZL2PZlf98WcHFmXIOqKXrBD8iLl1g=="
    },
    "@ng-select/ng-select": {
      "version": "3.7.3",
      "resolved": "https://registry.npmjs.org/@ng-select/ng-select/-/ng-select-3.7.3.tgz",
      "integrity": "sha512-Duw5t0b9Jup/tVEoDHLm+UhGv5RnwQ7pQorCAQc4LZR35oOZFjec8FrEGGtgVAGtwaQAYyd7PSMk3nEsWPg6AQ==",
      "requires": {
        "tslib": "^1.9.0"
      }
    },
    "@ngrx/effects": {
      "version": "9.0.0",
      "resolved": "https://registry.npmjs.org/@ngrx/effects/-/effects-9.0.0.tgz",
      "integrity": "sha512-6Rq7FsNZK26HqYlpOGCglKLenIkVOOKE0y6D/8KXjEJ1JlZWi00fdI7poclBGjm9pvMBGXfJA8a9MKuxb/t9cA=="
    },
    "@ngrx/store": {
      "version": "9.0.0",
      "resolved": "https://registry.npmjs.org/@ngrx/store/-/store-9.0.0.tgz",
      "integrity": "sha512-QnmfXJ4G2jp+vFaqT5Qfp6h0J9OHxfDKI2RbnMU93Tq1Xd/WVPzXnOQGjILBjwwWI6RFkSdIpUoQONr7VOW63g=="
    },
    "@ngrx/store-devtools": {
      "version": "9.0.0",
      "resolved": "https://registry.npmjs.org/@ngrx/store-devtools/-/store-devtools-9.0.0.tgz",
      "integrity": "sha512-Vj8sj8GclbSbnYCS8eqZXTOYDdip1nnjKhkYClUg2oFPh67haaCmvh7TXITnX8PpgDtj5akF84Xw9/1HRiG8mg=="
    },
    "angular-bootstrap": {
      "version": "0.12.2",
      "resolved": "https://registry.npmjs.org/angular-bootstrap/-/angular-bootstrap-0.12.2.tgz",
      "integrity": "sha1-3pkAp9sIen6dpHMEqcL3f5wGmCc="
    },
    "bootstrap": {
      "version": "4.4.1",
      "resolved": "https://registry.npmjs.org/bootstrap/-/bootstrap-4.4.1.tgz",
      "integrity": "sha512-tbx5cHubwE6e2ZG7nqM3g/FZ5PQEDMWmMGNrCUBVRPHXTJaH7CBDdsLeu3eCh3B1tzAxTnAbtmrzvWEvT2NNEA=="
    },
    "tslib": {
      "version": "1.11.1",
      "resolved": "https://registry.npmjs.org/tslib/-/tslib-1.11.1.tgz",
      "integrity": "sha512-aZW88SY8kQbU7gpV19lN24LtXh/yD4ZZg6qieAJDDg+YBsJcSmLGK9QpnUjAKVG/xefmvJGd1WUmfpT/g6AJGA=="
    }
  }
}
